// !$*UTF8*$!
{
	archiveVersion = 1;
	classes = {
	};
	objectVersion = 77;
	objects = {

/* Begin PBXBuildFile section */
		62D75D5C317C216F7E9590ED /* Pods_sohi.framework in Frameworks */ = {isa = PBXBuildFile; fileRef = 96999071A01C7B2DE0363F8C /* Pods_sohi.framework */; };
		C732639E305CF6B90013AE96 /* SearchView.swift in Sources */ = {isa = PBXBuildFile; fileRef = C732639D305CF6B30013AE96 /* SearchView.swift */; };
		C73263A0305CF95C0013AE96 /* RootTabBarView.swift in Sources */ = {isa = PBXBuildFile; fileRef = C732639F305CF94F0013AE96 /* RootTabBarView.swift */; };
		C76FDA06305C1A500082326D /* Assets.xcassets in Resources */ = {isa = PBXBuildFile; fileRef = C76FD9FE305C1A500082326D /* Assets.xcassets */; };
		C76FDA07305C1A500082326D /* AlertState.swift in Sources */ = {isa = PBXBuildFile; fileRef = C76FD9FC305C1A500082326D /* AlertState.swift */; };
		C76FDA08305C1A500082326D /* AppDelegate.swift in Sources */ = {isa = PBXBuildFile; fileRef = C76FD9FD305C1A500082326D /* AppDelegate.swift */; };
		C76FDA09305C1A500082326D /* ContentView.swift in Sources */ = {isa = PBXBuildFile; fileRef = C76FD9FF305C1A500082326D /* ContentView.swift */; };
		C76FDA0A305C1A500082326D /* HomeWaterfallViewController.swift in Sources */ = {isa = PBXBuildFile; fileRef = C76FDA00305C1A500082326D /* HomeWaterfallViewController.swift */; };
		C76FDA0B305C1A500082326D /* ResourceTestViewController.swift in Sources */ = {isa = PBXBuildFile; fileRef = C76FDA01305C1A500082326D /* ResourceTestViewController.swift */; };
		C76FDA0C305C1A500082326D /* RootTabBarController.swift in Sources */ = {isa = PBXBuildFile; fileRef = C76FDA02305C1A500082326D /* RootTabBarController.swift */; };
		C76FDA0D305C1A500082326D /* sohiApp.swift in Sources */ = {isa = PBXBuildFile; fileRef = C76FDA03305C1A500082326D /* sohiApp.swift */; };
		C76FDA0E305C1A500082326D /* WaterfallLayout.swift in Sources */ = {isa = PBXBuildFile; fileRef = C76FDA04305C1A500082326D /* WaterfallLayout.swift */; };
/* End PBXBuildFile section */

/* Begin PBXCopyFilesBuildPhase section */
		C7524289305A742B00A867F4 /* Embed Frameworks */ = {
			isa = PBXCopyFilesBuildPhase;
			buildActionMask = 2147483647;
			dstPath = "";
			dstSubfolderSpec = 10;
			files = (
			);
			name = "Embed Frameworks";
			runOnlyForDeploymentPostprocessing = 0;
		};
/* End PBXCopyFilesBuildPhase section */

/* Begin PBXFileReference section */
		96999071A01C7B2DE0363F8C /* Pods_sohi.framework */ = {isa = PBXFileReference; explicitFileType = wrapper.framework; includeInIndex = 0; path = Pods_sohi.framework; sourceTree = BUILT_PRODUCTS_DIR; };
		C732639D305CF6B30013AE96 /* SearchView.swift */ = {isa = PBXFileReference; lastKnownFileType = sourcecode.swift; path = SearchView.swift; sourceTree = "<group>"; };
		C732639F305CF94F0013AE96 /* RootTabBarView.swift */ = {isa = PBXFileReference; lastKnownFileType = sourcecode.swift; path = RootTabBarView.swift; sourceTree = "<group>"; };
		C76FD9FC305C1A500082326D /* AlertState.swift */ = {isa = PBXFileReference; lastKnownFileType = sourcecode.swift; path = AlertState.swift; sourceTree = "<group>"; };
		C76FD9FD305C1A500082326D /* AppDelegate.swift */ = {isa = PBXFileReference; lastKnownFileType = sourcecode.swift; path = AppDelegate.swift; sourceTree = "<group>"; };
		C76FD9FE305C1A500082326D /* Assets.xcassets */ = {isa = PBXFileReference; lastKnownFileType = folder.assetcatalog; path = Assets.xcassets; sourceTree = "<group>"; };
		C76FD9FF305C1A500082326D /* ContentView.swift */ = {isa = PBXFileReference; lastKnownFileType = sourcecode.swift; path = ContentView.swift; sourceTree = "<group>"; };
		C76FDA00305C1A500082326D /* HomeWaterfallViewController.swift */ = {isa = PBXFileReference; lastKnownFileType = sourcecode.swift; path = HomeWaterfallViewController.swift; sourceTree = "<group>"; };
		C76FDA01305C1A500082326D /* ResourceTestViewController.swift */ = {isa = PBXFileReference; lastKnownFileType = sourcecode.swift; path = ResourceTestViewController.swift; sourceTree = "<group>"; };
		C76FDA02305C1A500082326D /* RootTabBarController.swift */ = {isa = PBXFileReference; lastKnownFileType = sourcecode.swift; path = RootTabBarController.swift; sourceTree = "<group>"; };
		C76FDA03305C1A500082326D /* sohiApp.swift */ = {isa = PBXFileReference; lastKnownFileType = sourcecode.swift; path = sohiApp.swift; sourceTree = "<group>"; };
		C76FDA04305C1A500082326D /* WaterfallLayout.swift */ = {isa = PBXFileReference; lastKnownFileType = sourcecode.swift; path = WaterfallLayout.swift; sourceTree = "<group>"; };
		C7FBD7F6302C502300E9B880 /* sohi.app */ = {isa = PBXFileReference; explicitFileType = wrapper.application; includeInIndex = 0; path = sohi.app; sourceTree = BUILT_PRODUCTS_DIR; };
		E115CAE560969ADCACBB9C2C /* Pods-sohi.debug.xcconfig */ = {isa = PBXFileReference; includeInIndex = 1; lastKnownFileType = text.xcconfig; name = "Pods-sohi.debug.xcconfig"; path = "Target Support Files/Pods-sohi/Pods-sohi.debug.xcconfig"; sourceTree = "<group>"; };
		FA8153223C0CEE24B0459EF5 /* Pods-sohi.release.xcconfig */ = {isa = PBXFileReference; includeInIndex = 1; lastKnownFileType = text.xcconfig; name = "Pods-sohi.release.xcconfig"; path = "Target Support Files/Pods-sohi/Pods-sohi.release.xcconfig"; sourceTree = "<group>"; };
/* End PBXFileReference section */

/* Begin PBXFrameworksBuildPhase section */
		C7FBD7F3302C502300E9B880 /* Frameworks */ = {
			isa = PBXFrameworksBuildPhase;
			buildActionMask = 2147483647;
			files = (
				62D75D5C317C216F7E9590ED /* Pods_sohi.framework in Frameworks */,
			);
			runOnlyForDeploymentPostprocessing = 0;
		};
/* End PBXFrameworksBuildPhase section */

/* Begin PBXGroup section */
		65DC2AA1389735E3C7DED174 /* Pods */ = {
			isa = PBXGroup;
			children = (
				E115CAE560969ADCACBB9C2C /* Pods-sohi.debug.xcconfig */,
				FA8153223C0CEE24B0459EF5 /* Pods-sohi.release.xcconfig */,
			);
			path = Pods;
			sourceTree = "<group>";
		};
		C76FDA05305C1A500082326D /* sohi */ = {
			isa = PBXGroup;
			children = (
				C732639F305CF94F0013AE96 /* RootTabBarView.swift */,
				C732639D305CF6B30013AE96 /* SearchView.swift */,
				C76FD9FC305C1A500082326D /* AlertState.swift */,
				C76FD9FD305C1A500082326D /* AppDelegate.swift */,
				C76FD9FE305C1A500082326D /* Assets.xcassets */,
				C76FD9FF305C1A500082326D /* ContentView.swift */,
				C76FDA00305C1A500082326D /* HomeWaterfallViewController.swift */,
				C76FDA01305C1A500082326D /* ResourceTestViewController.swift */,
				C76FDA02305C1A500082326D /* RootTabBarController.swift */,
				C76FDA03305C1A500082326D /* sohiApp.swift */,
				C76FDA04305C1A500082326D /* WaterfallLayout.swift */,
			);
			path = sohi;
			sourceTree = "<group>";
		};
		C76FDA15305C1B5C0082326D /* Frameworks */ = {
			isa = PBXGroup;
			children = (
				96999071A01C7B2DE0363F8C /* Pods_sohi.framework */,
			);
			path = Frameworks;
			sourceTree = "<group>";
		};
		C7FBD7ED302C502300E9B880 = {
			isa = PBXGroup;
			children = (
				C76FDA15305C1B5C0082326D /* Frameworks */,
				C76FDA05305C1A500082326D /* sohi */,
				C7FBD7F7302C502300E9B880 /* Products */,
				65DC2AA1389735E3C7DED174 /* Pods */,
			);
			sourceTree = "<group>";
		};
		C7FBD7F7302C502300E9B880 /* Products */ = {
			isa = PBXGroup;
			children = (
				C7FBD7F6302C502300E9B880 /* sohi.app */,
			);
			name = Products;
			sourceTree = "<group>";
		};
/* End PBXGroup section */

/* Begin PBXNativeTarget section */
		C7FBD7F5302C502300E9B880 /* sohi */ = {
			isa = PBXNativeTarget;
			buildConfigurationList = C7FBD801302C502500E9B880 /* Build configuration list for PBXNativeTarget "sohi" */;
			buildPhases = (
				6B069E9B8DDEADDE66AB003E /* [CP] Check Pods Manifest.lock */,
				C7FBD7F2302C502300E9B880 /* Sources */,
				C7FBD7F3302C502300E9B880 /* Frameworks */,
				C7FBD7F4302C502300E9B880 /* Resources */,
				C7524289305A742B00A867F4 /* Embed Frameworks */,
				91675FD9C8C01307A8DF6AEA /* [CP] Embed Pods Frameworks */,
			);
			buildRules = (
			);
			dependencies = (
			);
			name = sohi;
			productName = sohi;
			productReference = C7FBD7F6302C502300E9B880 /* sohi.app */;
			productType = "com.apple.product-type.application";
		};
/* End PBXNativeTarget section */

/* Begin PBXProject section */
		C7FBD7EE302C502300E9B880 /* Project object */ = {
			isa = PBXProject;
			attributes = {
				BuildIndependentTargetsInParallel = 1;
				LastSwiftUpdateCheck = 2650;
				LastUpgradeCheck = 2650;
				TargetAttributes = {
					C7FBD7F5302C502300E9B880 = {
						CreatedOnToolsVersion = 26.5;
					};
				};
			};
			buildConfigurationList = C7FBD7F1302C502300E9B880 /* Build configuration list for PBXProject "sohi" */;
			developmentRegion = en;
			hasScannedForEncodings = 0;
			knownRegions = (
				en,
				Base,
			);
			mainGroup = C7FBD7ED302C502300E9B880;
			minimizedProjectReferenceProxies = 1;
			preferredProjectObjectVersion = 77;
			productRefGroup = C7FBD7F7302C502300E9B880 /* Products */;
			projectDirPath = "";
			projectRoot = "";
			targets = (
				C7FBD7F5302C502300E9B880 /* sohi */,
			);
		};
/* End PBXProject section */

/* Begin PBXResourcesBuildPhase section */
		C7FBD7F4302C502300E9B880 /* Resources */ = {
			isa = PBXResourcesBuildPhase;
			buildActionMask = 2147483647;
			files = (
				C76FDA06305C1A500082326D /* Assets.xcassets in Resources */,
			);
			runOnlyForDeploymentPostprocessing = 0;
		};
/* End PBXResourcesBuildPhase section */

/* Begin PBXShellScriptBuildPhase section */
		6B069E9B8DDEADDE66AB003E /* [CP] Check Pods Manifest.lock */ = {
			isa = PBXShellScriptBuildPhase;
			buildActionMask = 2147483647;
			files = (
			);
			inputFileListPaths = (
			);
			inputPaths = (
				"${PODS_PODFILE_DIR_PATH}/Podfile.lock",
				"${PODS_ROOT}/Manifest.lock",
			);
			name = "[CP] Check Pods Manifest.lock";
			outputFileListPaths = (
			);
			outputPaths = (
				"$(DERIVED_FILE_DIR)/Pods-sohi-checkManifestLockResult.txt",
			);
			runOnlyForDeploymentPostprocessing = 0;
			shellPath = /bin/sh;
			shellScript = "diff \"${PODS_PODFILE_DIR_PATH}/Podfile.lock\" \"${PODS_ROOT}/Manifest.lock\" > /dev/null\nif [ $? != 0 ] ; then\n    # print error to STDERR\n    echo \"error: The sandbox is not in sync with the Podfile.lock. Run 'pod install' or update your CocoaPods installation.\" >&2\n    exit 1\nfi\n# This output is used by Xcode 'outputs' to avoid re-running this script phase.\necho \"SUCCESS\" > \"${SCRIPT_OUTPUT_FILE_0}\"\n";
			showEnvVarsInLog = 0;
		};
		91675FD9C8C01307A8DF6AEA /* [CP] Embed Pods Frameworks */ = {
			isa = PBXShellScriptBuildPhase;
			buildActionMask = 2147483647;
			files = (
			);
			inputFileListPaths = (
				"${PODS_ROOT}/Target Support Files/Pods-sohi/Pods-sohi-frameworks-${CONFIGURATION}-input-files.xcfilelist",
			);
			inputPaths = (
			);
			name = "[CP] Embed Pods Frameworks";
			outputFileListPaths = (
				"${PODS_ROOT}/Target Support Files/Pods-sohi/Pods-sohi-frameworks-${CONFIGURATION}-output-files.xcfilelist",
			);
			outputPaths = (
			);
			runOnlyForDeploymentPostprocessing = 0;
			shellPath = /bin/sh;
			shellScript = "\"${PODS_ROOT}/Target Support Files/Pods-sohi/Pods-sohi-frameworks.sh\"\n";
			showEnvVarsInLog = 0;
		};
/* End PBXShellScriptBuildPhase section */

/* Begin PBXSourcesBuildPhase section */
		C7FBD7F2302C502300E9B880 /* Sources */ = {
			isa = PBXSourcesBuildPhase;
			buildActionMask = 2147483647;
			files = (
				C76FDA07305C1A500082326D /* AlertState.swift in Sources */,
				C732639E305CF6B90013AE96 /* SearchView.swift in Sources */,
				C76FDA08305C1A500082326D /* AppDelegate.swift in Sources */,
				C76FDA09305C1A500082326D /* ContentView.swift in Sources */,
				C76FDA0A305C1A500082326D /* HomeWaterfallViewController.swift in Sources */,
				C76FDA0B305C1A500082326D /* ResourceTestViewController.swift in Sources */,
				C73263A0305CF95C0013AE96 /* RootTabBarView.swift in Sources */,
				C76FDA0C305C1A500082326D /* RootTabBarController.swift in Sources */,
				C76FDA0D305C1A500082326D /* sohiApp.swift in Sources */,
				C76FDA0E305C1A500082326D /* WaterfallLayout.swift in Sources */,
			);
			runOnlyForDeploymentPostprocessing = 0;
		};
/* End PBXSourcesBuildPhase section */

/* Begin XCBuildConfiguration section */
		C7FBD7FF302C502500E9B880 /* Debug */ = {
			isa = XCBuildConfiguration;
			buildSettings = {
				ALWAYS_SEARCH_USER_PATHS = NO;
				ASSETCATALOG_COMPILER_GENERATE_SWIFT_ASSET_SYMBOL_EXTENSIONS = YES;
				CLANG_ANALYZER_NONNULL = YES;
				CLANG_ANALYZER_NUMBER_OBJECT_CONVERSION = YES_AGGRESSIVE;
				CLANG_CXX_LANGUAGE_STANDARD = "gnu++20";
				CLANG_ENABLE_MODULES = YES;
				CLANG_ENABLE_OBJC_ARC = YES;
				CLANG_ENABLE_OBJC_WEAK = YES;
				CLANG_WARN_BLOCK_CAPTURE_AUTORELEASING = YES;
				CLANG_WARN_BOOL_CONVERSION = YES;
				CLANG_WARN_COMMA = YES;
				CLANG_WARN_CONSTANT_CONVERSION = YES;
				CLANG_WARN_DEPRECATED_OBJC_IMPLEMENTATIONS = YES;
				CLANG_WARN_DIRECT_OBJC_ISA_USAGE = YES_ERROR;
				CLANG_WARN_DOCUMENTATION_COMMENTS = YES;
				CLANG_WARN_EMPTY_BODY = YES;
				CLANG_WARN_ENUM_CONVERSION = YES;
				CLANG_WARN_INFINITE_RECURSION = YES;
				CLANG_WARN_INT_CONVERSION = YES;
				CLANG_WARN_NON_LITERAL_NULL_CONVERSION = YES;
				CLANG_WARN_OBJC_IMPLICIT_RETAIN_SELF = YES;
				CLANG_WARN_OBJC_LITERAL_CONVERSION = YES;
				CLANG_WARN_OBJC_ROOT_CLASS = YES_ERROR;
				CLANG_WARN_QUOTED_INCLUDE_IN_FRAMEWORK_HEADER = YES;
				CLANG_WARN_RANGE_LOOP_ANALYSIS = YES;
				CLANG_WARN_STRICT_PROTOTYPES = YES;
				CLANG_WARN_SUSPICIOUS_MOVE = YES;
				CLANG_WARN_UNGUARDED_AVAILABILITY = YES_AGGRESSIVE;
				CLANG_WARN_UNREACHABLE_CODE = YES;
				CLANG_WARN__DUPLICATE_METHOD_MATCH = YES;
				COPY_PHASE_STRIP = NO;
				DEBUG_INFORMATION_FORMAT = dwarf;
				DEVELOPMENT_TEAM = KX99W63583;
				ENABLE_STRICT_OBJC_MSGSEND = YES;
				ENABLE_TESTABILITY = YES;
				ENABLE_USER_SCRIPT_SANDBOXING = YES;
				GCC_C_LANGUAGE_STANDARD = gnu17;
				GCC_DYNAMIC_NO_PIC = NO;
				GCC_NO_COMMON_BLOCKS = YES;
				GCC_OPTIMIZATION_LEVEL = 0;
				GCC_PREPROCESSOR_DEFINITIONS = (
					"DEBUG=1",
					"$(inherited)",
				);
				GCC_WARN_64_TO_32_BIT_CONVERSION = YES;
				GCC_WARN_ABOUT_RETURN_TYPE = YES_ERROR;
				GCC_WARN_UNDECLARED_SELECTOR = YES;
				GCC_WARN_UNINITIALIZED_AUTOS = YES_AGGRESSIVE;
				GCC_WARN_UNUSED_FUNCTION = YES;
				GCC_WARN_UNUSED_VARIABLE = YES;
				IPHONEOS_DEPLOYMENT_TARGET = 26.5;
				LOCALIZATION_PREFERS_STRING_CATALOGS = YES;
				MTL_ENABLE_DEBUG_INFO = INCLUDE_SOURCE;
				MTL_FAST_MATH = YES;
				ONLY_ACTIVE_ARCH = YES;
				SDKROOT = iphoneos;
				SWIFT_ACTIVE_COMPILATION_CONDITIONS = "DEBUG $(inherited)";
				SWIFT_OPTIMIZATION_LEVEL = "-Onone";
			};
			name = Debug;
		};
		C7FBD800302C502500E9B880 /* Release */ = {
			isa = XCBuildConfiguration;
			buildSettings = {
				ALWAYS_SEARCH_USER_PATHS = NO;
				ASSETCATALOG_COMPILER_GENERATE_SWIFT_ASSET_SYMBOL_EXTENSIONS = YES;
				CLANG_ANALYZER_NONNULL = YES;
				CLANG_ANALYZER_NUMBER_OBJECT_CONVERSION = YES_AGGRESSIVE;
				CLANG_CXX_LANGUAGE_STANDARD = "gnu++20";
				CLANG_ENABLE_MODULES = YES;
				CLANG_ENABLE_OBJC_ARC = YES;
				CLANG_ENABLE_OBJC_WEAK = YES;
				CLANG_WARN_BLOCK_CAPTURE_AUTORELEASING = YES;
				CLANG_WARN_BOOL_CONVERSION = YES;
				CLANG_WARN_COMMA = YES;
				CLANG_WARN_CONSTANT_CONVERSION = YES;
				CLANG_WARN_DEPRECATED_OBJC_IMPLEMENTATIONS = YES;
				CLANG_WARN_DIRECT_OBJC_ISA_USAGE = YES_ERROR;
				CLANG_WARN_DOCUMENTATION_COMMENTS = YES;
				CLANG_WARN_EMPTY_BODY = YES;
				CLANG_WARN_ENUM_CONVERSION = YES;
				CLANG_WARN_INFINITE_RECURSION = YES;
				CLANG_WARN_INT_CONVERSION = YES;
				CLANG_WARN_NON_LITERAL_NULL_CONVERSION = YES;
				CLANG_WARN_OBJC_IMPLICIT_RETAIN_SELF = YES;
				CLANG_WARN_OBJC_LITERAL_CONVERSION = YES;
				CLANG_WARN_OBJC_ROOT_CLASS = YES_ERROR;
				CLANG_WARN_QUOTED_INCLUDE_IN_FRAMEWORK_HEADER = YES;
				CLANG_WARN_RANGE_LOOP_ANALYSIS = YES;
				CLANG_WARN_STRICT_PROTOTYPES = YES;
				CLANG_WARN_SUSPICIOUS_MOVE = YES;
				CLANG_WARN_UNGUARDED_AVAILABILITY = YES_AGGRESSIVE;
				CLANG_WARN_UNREACHABLE_CODE = YES;
				CLANG_WARN__DUPLICATE_METHOD_MATCH = YES;
				COPY_PHASE_STRIP = NO;
				DEBUG_INFORMATION_FORMAT = "dwarf-with-dsym";
				DEVELOPMENT_TEAM = KX99W63583;
				ENABLE_NS_ASSERTIONS = NO;
				ENABLE_STRICT_OBJC_MSGSEND = YES;
				ENABLE_USER_SCRIPT_SANDBOXING = YES;
				GCC_C_LANGUAGE_STANDARD = gnu17;
				GCC_NO_COMMON_BLOCKS = YES;
				GCC_WARN_64_TO_32_BIT_CONVERSION = YES;
				GCC_WARN_ABOUT_RETURN_TYPE = YES_ERROR;
				GCC_WARN_UNDECLARED_SELECTOR = YES;
				GCC_WARN_UNINITIALIZED_AUTOS = YES_AGGRESSIVE;
				GCC_WARN_UNUSED_FUNCTION = YES;
				GCC_WARN_UNUSED_VARIABLE = YES;
				IPHONEOS_DEPLOYMENT_TARGET = 26.5;
				LOCALIZATION_PREFERS_STRING_CATALOGS = YES;
				MTL_ENABLE_DEBUG_INFO = NO;
				MTL_FAST_MATH = YES;
				SDKROOT = iphoneos;
				SWIFT_COMPILATION_MODE = wholemodule;
				VALIDATE_PRODUCT = YES;
			};
			name = Release;
		};
		C7FBD802302C502500E9B880 /* Debug */ = {
			isa = XCBuildConfiguration;
			baseConfigurationReference = E115CAE560969ADCACBB9C2C /* Pods-sohi.debug.xcconfig */;
			buildSettings = {
				ASSETCATALOG_COMPILER_APPICON_NAME = AppIcon;
				ASSETCATALOG_COMPILER_GLOBAL_ACCENT_COLOR_NAME = AccentColor;
				CODE_SIGN_STYLE = Automatic;
				CURRENT_PROJECT_VERSION = 1;
				DEVELOPMENT_TEAM = KX99W63583;
				ENABLE_PREVIEWS = YES;
				ENABLE_USER_SCRIPT_SANDBOXING = NO;
				FRAMEWORK_SEARCH_PATHS = (
					"$(inherited)",
					"$(PROJECT_DIR)/Frameworks",
				);
				GENERATE_INFOPLIST_FILE = YES;
				INFOPLIST_KEY_UIApplicationSupportsIndirectInputEvents = YES;
				INFOPLIST_KEY_UILaunchScreen_Generation = YES;
				INFOPLIST_KEY_UISupportedInterfaceOrientations_iPad = "UIInterfaceOrientationPortrait UIInterfaceOrientationPortraitUpsideDown UIInterfaceOrientationLandscapeLeft UIInterfaceOrientationLandscapeRight";
				INFOPLIST_KEY_UISupportedInterfaceOrientations_iPhone = "UIInterfaceOrientationPortrait UIInterfaceOrientationLandscapeLeft UIInterfaceOrientationLandscapeRight";
				IPHONEOS_DEPLOYMENT_TARGET = 15.0;
				LD_RUNPATH_SEARCH_PATHS = (
					"$(inherited)",
					"@executable_path/Frameworks",
				);
				MARKETING_VERSION = 1.0;
				PRODUCT_BUNDLE_IDENTIFIER = com.sea.sohi;
				PRODUCT_NAME = "$(TARGET_NAME)";
				STRING_CATALOG_GENERATE_SYMBOLS = YES;
				SWIFT_APPROACHABLE_CONCURRENCY = YES;
				SWIFT_DEFAULT_ACTOR_ISOLATION = MainActor;
				SWIFT_EMIT_LOC_STRINGS = YES;
				SWIFT_UPCOMING_FEATURE_MEMBER_IMPORT_VISIBILITY = YES;
				SWIFT_VERSION = 5.0;
				TARGETED_DEVICE_FAMILY = "1,2";
			};
			name = Debug;
		};
		C7FBD803302C502500E9B880 /* Release */ = {
			isa = XCBuildConfiguration;
			baseConfigurationReference = FA8153223C0CEE24B0459EF5 /* Pods-sohi.release.xcconfig */;
			buildSettings = {
				ASSETCATALOG_COMPILER_APPICON_NAME = AppIcon;
				ASSETCATALOG_COMPILER_GLOBAL_ACCENT_COLOR_NAME = AccentColor;
				CODE_SIGN_STYLE = Automatic;
				CURRENT_PROJECT_VERSION = 1;
				DEVELOPMENT_TEAM = KX99W63583;
				ENABLE_PREVIEWS = YES;
				ENABLE_USER_SCRIPT_SANDBOXING = NO;
				FRAMEWORK_SEARCH_PATHS = (
					"$(inherited)",
					"$(PROJECT_DIR)/Frameworks",
				);
				GENERATE_INFOPLIST_FILE = YES;
				INFOPLIST_KEY_UIApplicationSupportsIndirectInputEvents = YES;
				INFOPLIST_KEY_UILaunchScreen_Generation = YES;
				INFOPLIST_KEY_UISupportedInterfaceOrientations_iPad = "UIInterfaceOrientationPortrait UIInterfaceOrientationPortraitUpsideDown UIInterfaceOrientationLandscapeLeft UIInterfaceOrientationLandscapeRight";
				INFOPLIST_KEY_UISupportedInterfaceOrientations_iPhone = "UIInterfaceOrientationPortrait UIInterfaceOrientationLandscapeLeft UIInterfaceOrientationLandscapeRight";
				IPHONEOS_DEPLOYMENT_TARGET = 15.0;
				LD_RUNPATH_SEARCH_PATHS = (
					"$(inherited)",
					"@executable_path/Frameworks",
				);
				MARKETING_VERSION = 1.0;
				PRODUCT_BUNDLE_IDENTIFIER = com.sea.sohi;
				PRODUCT_NAME = "$(TARGET_NAME)";
				STRING_CATALOG_GENERATE_SYMBOLS = YES;
				SWIFT_APPROACHABLE_CONCURRENCY = YES;
				SWIFT_DEFAULT_ACTOR_ISOLATION = MainActor;
				SWIFT_EMIT_LOC_STRINGS = YES;
				SWIFT_UPCOMING_FEATURE_MEMBER_IMPORT_VISIBILITY = YES;
				SWIFT_VERSION = 5.0;
				TARGETED_DEVICE_FAMILY = "1,2";
			};
			name = Release;
		};
/* End XCBuildConfiguration section */

/* Begin XCConfigurationList section */
		C7FBD7F1302C502300E9B880 /* Build configuration list for PBXProject "sohi" */ = {
			isa = XCConfigurationList;
			buildConfigurations = (
				C7FBD7FF302C502500E9B880 /* Debug */,
				C7FBD800302C502500E9B880 /* Release */,
			);
			defaultConfigurationIsVisible = 0;
			defaultConfigurationName = Release;
		};
		C7FBD801302C502500E9B880 /* Build configuration list for PBXNativeTarget "sohi" */ = {
			isa = XCConfigurationList;
			buildConfigurations = (
				C7FBD802302C502500E9B880 /* Debug */,
				C7FBD803302C502500E9B880 /* Release */,
			);
			defaultConfigurationIsVisible = 0;
			defaultConfigurationName = Release;
		};
/* End XCConfigurationList section */
	};
	rootObject = C7FBD7EE302C502300E9B880 /* Project object */;
}
